
Microsoft Visual Studio Solution File, Format Version 12.00
# Visual Studio Version 17
VisualStudioVersion = 17.7.34024.191
MinimumVisualStudioVersion = 10.0.40219.1
Project("{FAE04EC0-301F-11D3-BF4B-00C04F79EFBC}") = "ISHCartingService", "ISHCartingService\ISHCartingService.csproj", "{37426519-0B61-4C54-B3B8-3CBA32C12B84}"
EndProject
Project("{FAE04EC0-301F-11D3-BF4B-00C04F79EFBC}") = "ISHCartingServiceAPI", "ISHCartingServiceAPI\ISHCartingServiceAPI.csproj", "{71A45213-E5CB-45BE-B3F8-7805D125C764}"
EndProject
Global
	GlobalSection(SolutionConfigurationPlatforms) = preSolution
		Debug|Any CPU = Debug|Any CPU
		Release|Any CPU = Release|Any CPU
	EndGlobalSection
	GlobalSection(ProjectConfigurationPlatforms) = postSolution
		{37426519-0B61-4C54-B3B8-3CBA32C12B84}.Debug|Any CPU.ActiveCfg = Debug|Any CPU
		{37426519-0B61-4C54-B3B8-3CBA32C12B84}.Debug|Any CPU.Build.0 = Debug|Any CPU
		{37426519-0B61-4C54-B3B8-3CBA32C12B84}.Release|Any CPU.ActiveCfg = Release|Any CPU
		{37426519-0B61-4C54-B3B8-3CBA32C12B84}.Release|Any CPU.Build.0 = Release|Any CPU
		{71A45213-E5CB-45BE-B3F8-7805D125C764}.Debug|Any CPU.ActiveCfg = Debug|Any CPU
		{71A45213-E5CB-45BE-B3F8-7805D125C764}.Debug|Any CPU.Build.0 = Debug|Any CPU
		{71A45213-E5CB-45BE-B3F8-7805D125C764}.Release|Any CPU.ActiveCfg = Release|Any CPU
		{71A45213-E5CB-45BE-B3F8-7805D125C764}.Release|Any CPU.Build.0 = Release|Any CPU
	EndGlobalSection
	GlobalSection(SolutionProperties) = preSolution
		HideSolutionNode = FALSE
	EndGlobalSection
	GlobalSection(ExtensibilityGlobals) = postSolution
		SolutionGuid = {7991DCB8-83F7-456A-B7B6-5818BF8E28AC}
	EndGlobalSection
EndGlobal
